
Microsoft Visual Studio Solution File, Format Version 12.00
# Visual Studio Version 17
VisualStudioVersion = 17.2.32519.379
MinimumVisualStudioVersion = 10.0.40219.1
Project("{9A19103F-16F7-4668-BE54-9A1E7A4F7556}") = "EFCore.Extensions.SaveOptimizer", "EFCore.Extensions.SaveOptimizer\EFCore.Extensions.SaveOptimizer.csproj", "{0CA80389-673A-4686-AA06-479A4A3A0EC5}"
EndProject
Project("{2150E333-8FDC-42A3-9474-1A3956D46DE8}") = "Solution Items", "Solution Items", "{F90166D1-E132-43F9-A1F1-BB5B385F1D06}"
	ProjectSection(SolutionItems) = preProject
		.editorconfig = .editorconfig
	EndProjectSection
EndProject
Project("{9A19103F-16F7-4668-BE54-9A1E7A4F7556}") = "EFCore.Extensions.SaveOptimizer.Model", "EFCore.Extensions.SaveOptimizer.Model\EFCore.Extensions.SaveOptimizer.Model.csproj", "{AEF69D42-0770-45A9-9185-B1751D1B8EB2}"
EndProject
Project("{9A19103F-16F7-4668-BE54-9A1E7A4F7556}") = "EFCore.Extensions.SaveOptimizer.Model.SqlLite", "EFCore.Extensions.SaveOptimizer.Model.SqlLite\EFCore.Extensions.SaveOptimizer.Model.SqlLite.csproj", "{C3279DFD-1739-4A50-A46C-D4EDEAD515F3}"
EndProject
Project("{9A19103F-16F7-4668-BE54-9A1E7A4F7556}") = "EFCore.Extensions.SaveOptimizer.Internal", "EFCore.Extensions.SaveOptimizer.Internal\EFCore.Extensions.SaveOptimizer.Internal.csproj", "{620EB5A1-0E01-49B4-9993-8ED3BA687491}"
EndProject
Project("{9A19103F-16F7-4668-BE54-9A1E7A4F7556}") = "EFCore.Extensions.SaveOptimizer.Shared.Tests", "EFCore.Extensions.SaveOptimizer.Shared.Tests\EFCore.Extensions.SaveOptimizer.Shared.Tests.csproj", "{0234BE18-49EC-44E3-AD80-BDB8BB689BE5}"
EndProject
Project("{9A19103F-16F7-4668-BE54-9A1E7A4F7556}") = "EFCore.Extensions.SaveOptimizer.SqlLite.Tests", "EFCore.Extensions.SaveOptimizer.SqlLite.Tests\EFCore.Extensions.SaveOptimizer.SqlLite.Tests.csproj", "{26E7459E-F7DF-4EA3-8F47-D45826927CF1}"
EndProject
Project("{9A19103F-16F7-4668-BE54-9A1E7A4F7556}") = "EFCore.Extensions.SaveOptimizer.Internal.Tests", "EFCore.Extensions.SaveOptimizer.Internal.Tests\EFCore.Extensions.SaveOptimizer.Internal.Tests.csproj", "{7465CE46-13DD-486A-837F-AB3BF055749C}"
EndProject
Project("{2150E333-8FDC-42A3-9474-1A3956D46DE8}") = "Database", "Database", "{AAA2E26A-4421-4F88-8A0C-05C13DFB9435}"
EndProject
Project("{2150E333-8FDC-42A3-9474-1A3956D46DE8}") = "SqlLite", "SqlLite", "{AE31DEC8-1AAF-4737-B5AE-34EDD3F3D570}"
EndProject
Project("{2150E333-8FDC-42A3-9474-1A3956D46DE8}") = "Shared", "Shared", "{BC55F8AA-D7AD-4356-BA53-1ED8D4A15E0F}"
EndProject
Project("{2150E333-8FDC-42A3-9474-1A3956D46DE8}") = "Core", "Core", "{5B9CF003-538D-42B1-847D-56953D6F4AF3}"
EndProject
Project("{9A19103F-16F7-4668-BE54-9A1E7A4F7556}") = "EFCore.Extensions.SaveOptimizer.Shared.Benchmark", "EFCore.Extensions.SaveOptimizer.Shared.Benchmark\EFCore.Extensions.SaveOptimizer.Shared.Benchmark.csproj", "{5561EDFF-1AAD-48BC-A3DD-B18D432850B8}"
EndProject
Project("{9A19103F-16F7-4668-BE54-9A1E7A4F7556}") = "EFCore.Extensions.SaveOptimizer.SqlLite.Benchmark", "EFCore.Extensions.SaveOptimizer.SqlLite.Benchmark\EFCore.Extensions.SaveOptimizer.SqlLite.Benchmark.csproj", "{05FEC65A-023B-4AAC-828A-937659C8DACA}"
EndProject
Project("{2150E333-8FDC-42A3-9474-1A3956D46DE8}") = "Postgres", "Postgres", "{E879B7FD-A72D-4648-B887-B56EC8923D47}"
EndProject
Project("{9A19103F-16F7-4668-BE54-9A1E7A4F7556}") = "EFCore.Extensions.SaveOptimizer.Model.Postgres", "EFCore.Extensions.SaveOptimizer.Model.Postgres\EFCore.Extensions.SaveOptimizer.Model.Postgres.csproj", "{FB644A80-3584-41ED-A02A-9FCB86CCC87A}"
EndProject
Project("{2150E333-8FDC-42A3-9474-1A3956D46DE8}") = "Cockroach", "Cockroach", "{7EC3837A-FEF4-4AFD-A542-B8F06D563B8B}"
EndProject
Project("{9A19103F-16F7-4668-BE54-9A1E7A4F7556}") = "EFCore.Extensions.SaveOptimizer.Cockroach.Benchmark", "EFCore.Extensions.SaveOptimizer.Cockroach.Benchmark\EFCore.Extensions.SaveOptimizer.Cockroach.Benchmark.csproj", "{7C4796C4-5AE2-457C-B50C-F1ABD9454CFA}"
EndProject
Project("{9A19103F-16F7-4668-BE54-9A1E7A4F7556}") = "EFCore.Extensions.SaveOptimizer.Cockroach.Tests", "EFCore.Extensions.SaveOptimizer.Cockroach.Tests\EFCore.Extensions.SaveOptimizer.Cockroach.Tests.csproj", "{F0C6C4E4-509C-47C7-8680-2EBE73399A2E}"
EndProject
Project("{9A19103F-16F7-4668-BE54-9A1E7A4F7556}") = "EFCore.Extensions.SaveOptimizer.Internal.Load.Tests", "EFCore.Extensions.SaveOptimizer.Internal.Load.Tests\EFCore.Extensions.SaveOptimizer.Internal.Load.Tests.csproj", "{5DC7109C-B6D3-43B6-9320-4D9D95090B94}"
EndProject
Project("{2150E333-8FDC-42A3-9474-1A3956D46DE8}") = "SqlServer", "SqlServer", "{0908ED14-EEFE-4C68-84D0-6479A0DC3402}"
EndProject
Project("{9A19103F-16F7-4668-BE54-9A1E7A4F7556}") = "EFCore.Extensions.SaveOptimizer.Model.SqlServer", "EFCore.Extensions.SaveOptimizer.Model.SqlServer\EFCore.Extensions.SaveOptimizer.Model.SqlServer.csproj", "{9BB1A8C2-01B7-42C6-B2A8-4910770FE7E3}"
EndProject
Project("{9A19103F-16F7-4668-BE54-9A1E7A4F7556}") = "EFCore.Extensions.SaveOptimizer.SqlServer.Tests", "EFCore.Extensions.SaveOptimizer.SqlServer.Tests\EFCore.Extensions.SaveOptimizer.SqlServer.Tests.csproj", "{8C21098D-8FA9-4645-B6DF-591EC21D4060}"
EndProject
Project("{9A19103F-16F7-4668-BE54-9A1E7A4F7556}") = "EFCore.Extensions.SaveOptimizer.SqlServer.Benchmark", "EFCore.Extensions.SaveOptimizer.SqlServer.Benchmark\EFCore.Extensions.SaveOptimizer.SqlServer.Benchmark.csproj", "{C5716084-3941-4BCC-9CBE-35EA29858B6E}"
EndProject
Project("{9A19103F-16F7-4668-BE54-9A1E7A4F7556}") = "EFCore.Extensions.SaveOptimizer.Postgres.Benchmark", "EFCore.Extensions.SaveOptimizer.Postgres.Benchmark\EFCore.Extensions.SaveOptimizer.Postgres.Benchmark.csproj", "{C186FD49-7E9B-4972-8A24-F8771027FEEB}"
EndProject
Project("{9A19103F-16F7-4668-BE54-9A1E7A4F7556}") = "EFCore.Extensions.SaveOptimizer.Postgres.Tests", "EFCore.Extensions.SaveOptimizer.Postgres.Tests\EFCore.Extensions.SaveOptimizer.Postgres.Tests.csproj", "{F89B6095-BA12-42C9-B368-BF8A96482246}"
EndProject
Project("{9A19103F-16F7-4668-BE54-9A1E7A4F7556}") = "EFCore.Extensions.SaveOptimizer.Model.Cockroach", "EFCore.Extensions.SaveOptimizer.Model.Cockroach\EFCore.Extensions.SaveOptimizer.Model.Cockroach.csproj", "{D74D64FA-B5AE-4A12-A847-CA99E2F78740}"
EndProject
Project("{2150E333-8FDC-42A3-9474-1A3956D46DE8}") = "CockroachMulti", "CockroachMulti", "{B10917EC-4C67-4C71-B549-30BDB7F434D4}"
EndProject
Project("{9A19103F-16F7-4668-BE54-9A1E7A4F7556}") = "EFCore.Extensions.SaveOptimizer.Model.CockroachMulti", "EFCore.Extensions.SaveOptimizer.Model.CockroachMulti\EFCore.Extensions.SaveOptimizer.Model.CockroachMulti.csproj", "{BBC795A0-F636-414C-BEB8-368C3ABAEA86}"
EndProject
Project("{9A19103F-16F7-4668-BE54-9A1E7A4F7556}") = "EFCore.Extensions.SaveOptimizer.CockroachMulti.Tests", "EFCore.Extensions.SaveOptimizer.CockroachMulti.Tests\EFCore.Extensions.SaveOptimizer.CockroachMulti.Tests.csproj", "{F831F029-5FCB-4065-ACC9-B76D4874DF15}"
EndProject
Project("{9A19103F-16F7-4668-BE54-9A1E7A4F7556}") = "EFCore.Extensions.SaveOptimizer.CockroachMulti.Benchmark", "EFCore.Extensions.SaveOptimizer.CockroachMulti.Benchmark\EFCore.Extensions.SaveOptimizer.CockroachMulti.Benchmark.csproj", "{2D301629-0CB1-46E4-821F-FD5D4F6B3058}"
EndProject
Project("{2150E333-8FDC-42A3-9474-1A3956D46DE8}") = "PomeloMySql", "PomeloMySql", "{9934F8CB-C907-4136-B295-830FF841B97A}"
EndProject
Project("{9A19103F-16F7-4668-BE54-9A1E7A4F7556}") = "EFCore.Extensions.SaveOptimizer.Model.PomeloMySql", "EFCore.Extensions.SaveOptimizer.Model.PomeloMySql\EFCore.Extensions.SaveOptimizer.Model.PomeloMySql.csproj", "{43291414-4D1B-4C79-BC83-2FF5A843DCC4}"
EndProject
Project("{9A19103F-16F7-4668-BE54-9A1E7A4F7556}") = "EFCore.Extensions.SaveOptimizer.PomeloMySql.Benchmark", "EFCore.Extensions.SaveOptimizer.PomeloMySql.Benchmark\EFCore.Extensions.SaveOptimizer.PomeloMySql.Benchmark.csproj", "{2BE91863-6F1D-4B15-8A66-1D02CBAC9FBB}"
EndProject
Project("{9A19103F-16F7-4668-BE54-9A1E7A4F7556}") = "EFCore.Extensions.SaveOptimizer.PomeloMySql.Tests", "EFCore.Extensions.SaveOptimizer.PomeloMySql.Tests\EFCore.Extensions.SaveOptimizer.PomeloMySql.Tests.csproj", "{F1CA2E73-460D-4A2F-9C30-02DD9DEDBDFE}"
EndProject
Project("{2150E333-8FDC-42A3-9474-1A3956D46DE8}") = "PomeloMariaDb", "PomeloMariaDb", "{5854E34C-9C72-43CF-BC03-43582B3C9C51}"
EndProject
Project("{9A19103F-16F7-4668-BE54-9A1E7A4F7556}") = "EFCore.Extensions.SaveOptimizer.Model.PomeloMariaDb", "EFCore.Extensions.SaveOptimizer.Model.PomeloMariaDb\EFCore.Extensions.SaveOptimizer.Model.PomeloMariaDb.csproj", "{AD9C16C2-2728-4CE9-95CA-D4D85B29F840}"
EndProject
Project("{9A19103F-16F7-4668-BE54-9A1E7A4F7556}") = "EFCore.Extensions.SaveOptimizer.PomeloMariaDb.Tests", "EFCore.Extensions.SaveOptimizer.PomeloMariaDb.Tests\EFCore.Extensions.SaveOptimizer.PomeloMariaDb.Tests.csproj", "{BA6A1227-46BC-4AEE-9457-F4C5384BE95E}"
EndProject
Project("{9A19103F-16F7-4668-BE54-9A1E7A4F7556}") = "EFCore.Extensions.SaveOptimizer.PomeloMariaDb.Benchmark", "EFCore.Extensions.SaveOptimizer.PomeloMariaDb.Benchmark\EFCore.Extensions.SaveOptimizer.PomeloMariaDb.Benchmark.csproj", "{E07B6B52-A99A-42EC-B7FB-D2690DB7CBA4}"
EndProject
Project("{2150E333-8FDC-42A3-9474-1A3956D46DE8}") = "Firebird3", "Firebird3", "{11016376-A61F-4BE9-87D5-3A4E256A6BB0}"
EndProject
Project("{2150E333-8FDC-42A3-9474-1A3956D46DE8}") = "Firebird4", "Firebird4", "{1BA84DA5-0759-4F0D-9C63-1B1F34EF8EB1}"
EndProject
Project("{9A19103F-16F7-4668-BE54-9A1E7A4F7556}") = "EFCore.Extensions.SaveOptimizer.Model.Firebird3", "EFCore.Extensions.SaveOptimizer.Model.Firebird3\EFCore.Extensions.SaveOptimizer.Model.Firebird3.csproj", "{34C1C43D-536D-40AD-8FED-6BF930775F70}"
EndProject
Project("{9A19103F-16F7-4668-BE54-9A1E7A4F7556}") = "EFCore.Extensions.SaveOptimizer.Firebird3.Tests", "EFCore.Extensions.SaveOptimizer.Firebird3.Tests\EFCore.Extensions.SaveOptimizer.Firebird3.Tests.csproj", "{7ADE2E34-A514-4B7A-8F00-AB32306902AC}"
EndProject
Project("{9A19103F-16F7-4668-BE54-9A1E7A4F7556}") = "EFCore.Extensions.SaveOptimizer.Firebird3.Benchmark", "EFCore.Extensions.SaveOptimizer.Firebird3.Benchmark\EFCore.Extensions.SaveOptimizer.Firebird3.Benchmark.csproj", "{692ED38D-D3E0-4379-9A2C-39AB183FF23C}"
EndProject
Project("{9A19103F-16F7-4668-BE54-9A1E7A4F7556}") = "EFCore.Extensions.SaveOptimizer.Model.Firebird4", "EFCore.Extensions.SaveOptimizer.Model.Firebird4\EFCore.Extensions.SaveOptimizer.Model.Firebird4.csproj", "{A7650E8E-B954-4F36-A6FA-6C88D1EC7634}"
EndProject
Project("{9A19103F-16F7-4668-BE54-9A1E7A4F7556}") = "EFCore.Extensions.SaveOptimizer.Firebird4.Tests", "EFCore.Extensions.SaveOptimizer.Firebird4.Tests\EFCore.Extensions.SaveOptimizer.Firebird4.Tests.csproj", "{23725B2A-8F3B-4B23-8266-DB2DD54E1869}"
EndProject
Project("{9A19103F-16F7-4668-BE54-9A1E7A4F7556}") = "EFCore.Extensions.SaveOptimizer.Firebird4.Benchmark", "EFCore.Extensions.SaveOptimizer.Firebird4.Benchmark\EFCore.Extensions.SaveOptimizer.Firebird4.Benchmark.csproj", "{EE510E73-05C9-4763-96B3-29C5E387D90A}"
EndProject
Project("{9A19103F-16F7-4668-BE54-9A1E7A4F7556}") = "EFCore.Extensions.SaveOptimizer.TestLogger", "EFCore.Extensions.SaveOptimizer.TestLogger\EFCore.Extensions.SaveOptimizer.TestLogger.csproj", "{53036651-70FA-48BF-A692-B8DFF56B2282}"
EndProject
Project("{2150E333-8FDC-42A3-9474-1A3956D46DE8}") = "Oracle", "Oracle", "{A5A02A5B-44AD-4929-BDFC-241D917D5647}"
EndProject
Project("{9A19103F-16F7-4668-BE54-9A1E7A4F7556}") = "EFCore.Extensions.SaveOptimizer.Model.Oracle", "EFCore.Extensions.SaveOptimizer.Model.Oracle\EFCore.Extensions.SaveOptimizer.Model.Oracle.csproj", "{7D39B5A1-52D2-4BAE-80A1-33DD5EF57808}"
EndProject
Project("{9A19103F-16F7-4668-BE54-9A1E7A4F7556}") = "EFCore.Extensions.SaveOptimizer.Oracle.Tests", "EFCore.Extensions.SaveOptimizer.Oracle.Tests\EFCore.Extensions.SaveOptimizer.Oracle.Tests.csproj", "{790A25E7-4C4D-4133-B989-1AB21D2D8C38}"
EndProject
Project("{9A19103F-16F7-4668-BE54-9A1E7A4F7556}") = "EFCore.Extensions.SaveOptimizer.Oracle.Benchmark", "EFCore.Extensions.SaveOptimizer.Oracle.Benchmark\EFCore.Extensions.SaveOptimizer.Oracle.Benchmark.csproj", "{9FC61735-A47B-4D04-BC32-4B793D9536EE}"
EndProject
Global
	GlobalSection(SolutionConfigurationPlatforms) = preSolution
		Debug|Any CPU = Debug|Any CPU
		Release|Any CPU = Release|Any CPU
	EndGlobalSection
	GlobalSection(ProjectConfigurationPlatforms) = postSolution
		{0CA80389-673A-4686-AA06-479A4A3A0EC5}.Debug|Any CPU.ActiveCfg = Debug|Any CPU
		{0CA80389-673A-4686-AA06-479A4A3A0EC5}.Debug|Any CPU.Build.0 = Debug|Any CPU
		{0CA80389-673A-4686-AA06-479A4A3A0EC5}.Release|Any CPU.ActiveCfg = Release|Any CPU
		{0CA80389-673A-4686-AA06-479A4A3A0EC5}.Release|Any CPU.Build.0 = Release|Any CPU
		{AEF69D42-0770-45A9-9185-B1751D1B8EB2}.Debug|Any CPU.ActiveCfg = Debug|Any CPU
		{AEF69D42-0770-45A9-9185-B1751D1B8EB2}.Debug|Any CPU.Build.0 = Debug|Any CPU
		{AEF69D42-0770-45A9-9185-B1751D1B8EB2}.Release|Any CPU.ActiveCfg = Release|Any CPU
		{AEF69D42-0770-45A9-9185-B1751D1B8EB2}.Release|Any CPU.Build.0 = Release|Any CPU
		{C3279DFD-1739-4A50-A46C-D4EDEAD515F3}.Debug|Any CPU.ActiveCfg = Debug|Any CPU
		{C3279DFD-1739-4A50-A46C-D4EDEAD515F3}.Debug|Any CPU.Build.0 = Debug|Any CPU
		{C3279DFD-1739-4A50-A46C-D4EDEAD515F3}.Release|Any CPU.ActiveCfg = Release|Any CPU
		{C3279DFD-1739-4A50-A46C-D4EDEAD515F3}.Release|Any CPU.Build.0 = Release|Any CPU
		{620EB5A1-0E01-49B4-9993-8ED3BA687491}.Debug|Any CPU.ActiveCfg = Debug|Any CPU
		{620EB5A1-0E01-49B4-9993-8ED3BA687491}.Debug|Any CPU.Build.0 = Debug|Any CPU
		{620EB5A1-0E01-49B4-9993-8ED3BA687491}.Release|Any CPU.ActiveCfg = Release|Any CPU
		{620EB5A1-0E01-49B4-9993-8ED3BA687491}.Release|Any CPU.Build.0 = Release|Any CPU
		{0234BE18-49EC-44E3-AD80-BDB8BB689BE5}.Debug|Any CPU.ActiveCfg = Debug|Any CPU
		{0234BE18-49EC-44E3-AD80-BDB8BB689BE5}.Debug|Any CPU.Build.0 = Debug|Any CPU
		{0234BE18-49EC-44E3-AD80-BDB8BB689BE5}.Release|Any CPU.ActiveCfg = Release|Any CPU
		{0234BE18-49EC-44E3-AD80-BDB8BB689BE5}.Release|Any CPU.Build.0 = Release|Any CPU
		{26E7459E-F7DF-4EA3-8F47-D45826927CF1}.Debug|Any CPU.ActiveCfg = Debug|Any CPU
		{26E7459E-F7DF-4EA3-8F47-D45826927CF1}.Debug|Any CPU.Build.0 = Debug|Any CPU
		{26E7459E-F7DF-4EA3-8F47-D45826927CF1}.Release|Any CPU.ActiveCfg = Release|Any CPU
		{26E7459E-F7DF-4EA3-8F47-D45826927CF1}.Release|Any CPU.Build.0 = Release|Any CPU
		{7465CE46-13DD-486A-837F-AB3BF055749C}.Debug|Any CPU.ActiveCfg = Debug|Any CPU
		{7465CE46-13DD-486A-837F-AB3BF055749C}.Debug|Any CPU.Build.0 = Debug|Any CPU
		{7465CE46-13DD-486A-837F-AB3BF055749C}.Release|Any CPU.ActiveCfg = Release|Any CPU
		{7465CE46-13DD-486A-837F-AB3BF055749C}.Release|Any CPU.Build.0 = Release|Any CPU
		{5561EDFF-1AAD-48BC-A3DD-B18D432850B8}.Debug|Any CPU.ActiveCfg = Debug|Any CPU
		{5561EDFF-1AAD-48BC-A3DD-B18D432850B8}.Debug|Any CPU.Build.0 = Debug|Any CPU
		{5561EDFF-1AAD-48BC-A3DD-B18D432850B8}.Release|Any CPU.ActiveCfg = Release|Any CPU
		{5561EDFF-1AAD-48BC-A3DD-B18D432850B8}.Release|Any CPU.Build.0 = Release|Any CPU
		{05FEC65A-023B-4AAC-828A-937659C8DACA}.Debug|Any CPU.ActiveCfg = Debug|Any CPU
		{05FEC65A-023B-4AAC-828A-937659C8DACA}.Debug|Any CPU.Build.0 = Debug|Any CPU
		{05FEC65A-023B-4AAC-828A-937659C8DACA}.Release|Any CPU.ActiveCfg = Release|Any CPU
		{05FEC65A-023B-4AAC-828A-937659C8DACA}.Release|Any CPU.Build.0 = Release|Any CPU
		{FB644A80-3584-41ED-A02A-9FCB86CCC87A}.Debug|Any CPU.ActiveCfg = Debug|Any CPU
		{FB644A80-3584-41ED-A02A-9FCB86CCC87A}.Debug|Any CPU.Build.0 = Debug|Any CPU
		{FB644A80-3584-41ED-A02A-9FCB86CCC87A}.Release|Any CPU.ActiveCfg = Release|Any CPU
		{FB644A80-3584-41ED-A02A-9FCB86CCC87A}.Release|Any CPU.Build.0 = Release|Any CPU
		{7C4796C4-5AE2-457C-B50C-F1ABD9454CFA}.Debug|Any CPU.ActiveCfg = Debug|Any CPU
		{7C4796C4-5AE2-457C-B50C-F1ABD9454CFA}.Debug|Any CPU.Build.0 = Debug|Any CPU
		{7C4796C4-5AE2-457C-B50C-F1ABD9454CFA}.Release|Any CPU.ActiveCfg = Release|Any CPU
		{7C4796C4-5AE2-457C-B50C-F1ABD9454CFA}.Release|Any CPU.Build.0 = Release|Any CPU
		{F0C6C4E4-509C-47C7-8680-2EBE73399A2E}.Debug|Any CPU.ActiveCfg = Debug|Any CPU
		{F0C6C4E4-509C-47C7-8680-2EBE73399A2E}.Debug|Any CPU.Build.0 = Debug|Any CPU
		{F0C6C4E4-509C-47C7-8680-2EBE73399A2E}.Release|Any CPU.ActiveCfg = Release|Any CPU
		{F0C6C4E4-509C-47C7-8680-2EBE73399A2E}.Release|Any CPU.Build.0 = Release|Any CPU
		{5DC7109C-B6D3-43B6-9320-4D9D95090B94}.Debug|Any CPU.ActiveCfg = Debug|Any CPU
		{5DC7109C-B6D3-43B6-9320-4D9D95090B94}.Debug|Any CPU.Build.0 = Debug|Any CPU
		{5DC7109C-B6D3-43B6-9320-4D9D95090B94}.Release|Any CPU.ActiveCfg = Release|Any CPU
		{5DC7109C-B6D3-43B6-9320-4D9D95090B94}.Release|Any CPU.Build.0 = Release|Any CPU
		{9BB1A8C2-01B7-42C6-B2A8-4910770FE7E3}.Debug|Any CPU.ActiveCfg = Debug|Any CPU
		{9BB1A8C2-01B7-42C6-B2A8-4910770FE7E3}.Debug|Any CPU.Build.0 = Debug|Any CPU
		{9BB1A8C2-01B7-42C6-B2A8-4910770FE7E3}.Release|Any CPU.ActiveCfg = Release|Any CPU
		{9BB1A8C2-01B7-42C6-B2A8-4910770FE7E3}.Release|Any CPU.Build.0 = Release|Any CPU
		{8C21098D-8FA9-4645-B6DF-591EC21D4060}.Debug|Any CPU.ActiveCfg = Debug|Any CPU
		{8C21098D-8FA9-4645-B6DF-591EC21D4060}.Debug|Any CPU.Build.0 = Debug|Any CPU
		{8C21098D-8FA9-4645-B6DF-591EC21D4060}.Release|Any CPU.ActiveCfg = Release|Any CPU
		{8C21098D-8FA9-4645-B6DF-591EC21D4060}.Release|Any CPU.Build.0 = Release|Any CPU
		{C5716084-3941-4BCC-9CBE-35EA29858B6E}.Debug|Any CPU.ActiveCfg = Debug|Any CPU
		{C5716084-3941-4BCC-9CBE-35EA29858B6E}.Debug|Any CPU.Build.0 = Debug|Any CPU
		{C5716084-3941-4BCC-9CBE-35EA29858B6E}.Release|Any CPU.ActiveCfg = Release|Any CPU
		{C5716084-3941-4BCC-9CBE-35EA29858B6E}.Release|Any CPU.Build.0 = Release|Any CPU
		{C186FD49-7E9B-4972-8A24-F8771027FEEB}.Debug|Any CPU.ActiveCfg = Debug|Any CPU
		{C186FD49-7E9B-4972-8A24-F8771027FEEB}.Debug|Any CPU.Build.0 = Debug|Any CPU
		{C186FD49-7E9B-4972-8A24-F8771027FEEB}.Release|Any CPU.ActiveCfg = Release|Any CPU
		{C186FD49-7E9B-4972-8A24-F8771027FEEB}.Release|Any CPU.Build.0 = Release|Any CPU
		{F89B6095-BA12-42C9-B368-BF8A96482246}.Debug|Any CPU.ActiveCfg = Debug|Any CPU
		{F89B6095-BA12-42C9-B368-BF8A96482246}.Debug|Any CPU.Build.0 = Debug|Any CPU
		{F89B6095-BA12-42C9-B368-BF8A96482246}.Release|Any CPU.ActiveCfg = Release|Any CPU
		{F89B6095-BA12-42C9-B368-BF8A96482246}.Release|Any CPU.Build.0 = Release|Any CPU
		{D74D64FA-B5AE-4A12-A847-CA99E2F78740}.Debug|Any CPU.ActiveCfg = Debug|Any CPU
		{D74D64FA-B5AE-4A12-A847-CA99E2F78740}.Debug|Any CPU.Build.0 = Debug|Any CPU
		{D74D64FA-B5AE-4A12-A847-CA99E2F78740}.Release|Any CPU.ActiveCfg = Release|Any CPU
		{D74D64FA-B5AE-4A12-A847-CA99E2F78740}.Release|Any CPU.Build.0 = Release|Any CPU
		{BBC795A0-F636-414C-BEB8-368C3ABAEA86}.Debug|Any CPU.ActiveCfg = Debug|Any CPU
		{BBC795A0-F636-414C-BEB8-368C3ABAEA86}.Debug|Any CPU.Build.0 = Debug|Any CPU
		{BBC795A0-F636-414C-BEB8-368C3ABAEA86}.Release|Any CPU.ActiveCfg = Release|Any CPU
		{BBC795A0-F636-414C-BEB8-368C3ABAEA86}.Release|Any CPU.Build.0 = Release|Any CPU
		{F831F029-5FCB-4065-ACC9-B76D4874DF15}.Debug|Any CPU.ActiveCfg = Debug|Any CPU
		{F831F029-5FCB-4065-ACC9-B76D4874DF15}.Debug|Any CPU.Build.0 = Debug|Any CPU
		{F831F029-5FCB-4065-ACC9-B76D4874DF15}.Release|Any CPU.ActiveCfg = Release|Any CPU
		{F831F029-5FCB-4065-ACC9-B76D4874DF15}.Release|Any CPU.Build.0 = Release|Any CPU
		{2D301629-0CB1-46E4-821F-FD5D4F6B3058}.Debug|Any CPU.ActiveCfg = Debug|Any CPU
		{2D301629-0CB1-46E4-821F-FD5D4F6B3058}.Debug|Any CPU.Build.0 = Debug|Any CPU
		{2D301629-0CB1-46E4-821F-FD5D4F6B3058}.Release|Any CPU.ActiveCfg = Release|Any CPU
		{2D301629-0CB1-46E4-821F-FD5D4F6B3058}.Release|Any CPU.Build.0 = Release|Any CPU
		{43291414-4D1B-4C79-BC83-2FF5A843DCC4}.Debug|Any CPU.ActiveCfg = Debug|Any CPU
		{43291414-4D1B-4C79-BC83-2FF5A843DCC4}.Debug|Any CPU.Build.0 = Debug|Any CPU
		{43291414-4D1B-4C79-BC83-2FF5A843DCC4}.Release|Any CPU.ActiveCfg = Release|Any CPU
		{43291414-4D1B-4C79-BC83-2FF5A843DCC4}.Release|Any CPU.Build.0 = Release|Any CPU
		{2BE91863-6F1D-4B15-8A66-1D02CBAC9FBB}.Debug|Any CPU.ActiveCfg = Debug|Any CPU
		{2BE91863-6F1D-4B15-8A66-1D02CBAC9FBB}.Debug|Any CPU.Build.0 = Debug|Any CPU
		{2BE91863-6F1D-4B15-8A66-1D02CBAC9FBB}.Release|Any CPU.ActiveCfg = Release|Any CPU
		{2BE91863-6F1D-4B15-8A66-1D02CBAC9FBB}.Release|Any CPU.Build.0 = Release|Any CPU
		{F1CA2E73-460D-4A2F-9C30-02DD9DEDBDFE}.Debug|Any CPU.ActiveCfg = Debug|Any CPU
		{F1CA2E73-460D-4A2F-9C30-02DD9DEDBDFE}.Debug|Any CPU.Build.0 = Debug|Any CPU
		{F1CA2E73-460D-4A2F-9C30-02DD9DEDBDFE}.Release|Any CPU.ActiveCfg = Release|Any CPU
		{F1CA2E73-460D-4A2F-9C30-02DD9DEDBDFE}.Release|Any CPU.Build.0 = Release|Any CPU
		{AD9C16C2-2728-4CE9-95CA-D4D85B29F840}.Debug|Any CPU.ActiveCfg = Debug|Any CPU
		{AD9C16C2-2728-4CE9-95CA-D4D85B29F840}.Debug|Any CPU.Build.0 = Debug|Any CPU
		{AD9C16C2-2728-4CE9-95CA-D4D85B29F840}.Release|Any CPU.ActiveCfg = Release|Any CPU
		{AD9C16C2-2728-4CE9-95CA-D4D85B29F840}.Release|Any CPU.Build.0 = Release|Any CPU
		{BA6A1227-46BC-4AEE-9457-F4C5384BE95E}.Debug|Any CPU.ActiveCfg = Debug|Any CPU
		{BA6A1227-46BC-4AEE-9457-F4C5384BE95E}.Debug|Any CPU.Build.0 = Debug|Any CPU
		{BA6A1227-46BC-4AEE-9457-F4C5384BE95E}.Release|Any CPU.ActiveCfg = Release|Any CPU
		{BA6A1227-46BC-4AEE-9457-F4C5384BE95E}.Release|Any CPU.Build.0 = Release|Any CPU
		{E07B6B52-A99A-42EC-B7FB-D2690DB7CBA4}.Debug|Any CPU.ActiveCfg = Debug|Any CPU
		{E07B6B52-A99A-42EC-B7FB-D2690DB7CBA4}.Debug|Any CPU.Build.0 = Debug|Any CPU
		{E07B6B52-A99A-42EC-B7FB-D2690DB7CBA4}.Release|Any CPU.ActiveCfg = Release|Any CPU
		{E07B6B52-A99A-42EC-B7FB-D2690DB7CBA4}.Release|Any CPU.Build.0 = Release|Any CPU
		{34C1C43D-536D-40AD-8FED-6BF930775F70}.Debug|Any CPU.ActiveCfg = Debug|Any CPU
		{34C1C43D-536D-40AD-8FED-6BF930775F70}.Debug|Any CPU.Build.0 = Debug|Any CPU
		{34C1C43D-536D-40AD-8FED-6BF930775F70}.Release|Any CPU.ActiveCfg = Release|Any CPU
		{34C1C43D-536D-40AD-8FED-6BF930775F70}.Release|Any CPU.Build.0 = Release|Any CPU
		{7ADE2E34-A514-4B7A-8F00-AB32306902AC}.Debug|Any CPU.ActiveCfg = Debug|Any CPU
		{7ADE2E34-A514-4B7A-8F00-AB32306902AC}.Debug|Any CPU.Build.0 = Debug|Any CPU
		{7ADE2E34-A514-4B7A-8F00-AB32306902AC}.Release|Any CPU.ActiveCfg = Release|Any CPU
		{7ADE2E34-A514-4B7A-8F00-AB32306902AC}.Release|Any CPU.Build.0 = Release|Any CPU
		{692ED38D-D3E0-4379-9A2C-39AB183FF23C}.Debug|Any CPU.ActiveCfg = Debug|Any CPU
		{692ED38D-D3E0-4379-9A2C-39AB183FF23C}.Debug|Any CPU.Build.0 = Debug|Any CPU
		{692ED38D-D3E0-4379-9A2C-39AB183FF23C}.Release|Any CPU.ActiveCfg = Release|Any CPU
		{692ED38D-D3E0-4379-9A2C-39AB183FF23C}.Release|Any CPU.Build.0 = Release|Any CPU
		{A7650E8E-B954-4F36-A6FA-6C88D1EC7634}.Debug|Any CPU.ActiveCfg = Debug|Any CPU
		{A7650E8E-B954-4F36-A6FA-6C88D1EC7634}.Debug|Any CPU.Build.0 = Debug|Any CPU
		{A7650E8E-B954-4F36-A6FA-6C88D1EC7634}.Release|Any CPU.ActiveCfg = Release|Any CPU
		{A7650E8E-B954-4F36-A6FA-6C88D1EC7634}.Release|Any CPU.Build.0 = Release|Any CPU
		{23725B2A-8F3B-4B23-8266-DB2DD54E1869}.Debug|Any CPU.ActiveCfg = Debug|Any CPU
		{23725B2A-8F3B-4B23-8266-DB2DD54E1869}.Debug|Any CPU.Build.0 = Debug|Any CPU
		{23725B2A-8F3B-4B23-8266-DB2DD54E1869}.Release|Any CPU.ActiveCfg = Release|Any CPU
		{23725B2A-8F3B-4B23-8266-DB2DD54E1869}.Release|Any CPU.Build.0 = Release|Any CPU
		{EE510E73-05C9-4763-96B3-29C5E387D90A}.Debug|Any CPU.ActiveCfg = Debug|Any CPU
		{EE510E73-05C9-4763-96B3-29C5E387D90A}.Debug|Any CPU.Build.0 = Debug|Any CPU
		{EE510E73-05C9-4763-96B3-29C5E387D90A}.Release|Any CPU.ActiveCfg = Release|Any CPU
		{EE510E73-05C9-4763-96B3-29C5E387D90A}.Release|Any CPU.Build.0 = Release|Any CPU
		{53036651-70FA-48BF-A692-B8DFF56B2282}.Debug|Any CPU.ActiveCfg = Debug|Any CPU
		{53036651-70FA-48BF-A692-B8DFF56B2282}.Debug|Any CPU.Build.0 = Debug|Any CPU
		{53036651-70FA-48BF-A692-B8DFF56B2282}.Release|Any CPU.ActiveCfg = Release|Any CPU
		{53036651-70FA-48BF-A692-B8DFF56B2282}.Release|Any CPU.Build.0 = Release|Any CPU
		{7D39B5A1-52D2-4BAE-80A1-33DD5EF57808}.Debug|Any CPU.ActiveCfg = Debug|Any CPU
		{7D39B5A1-52D2-4BAE-80A1-33DD5EF57808}.Debug|Any CPU.Build.0 = Debug|Any CPU
		{7D39B5A1-52D2-4BAE-80A1-33DD5EF57808}.Release|Any CPU.ActiveCfg = Release|Any CPU
		{7D39B5A1-52D2-4BAE-80A1-33DD5EF57808}.Release|Any CPU.Build.0 = Release|Any CPU
		{790A25E7-4C4D-4133-B989-1AB21D2D8C38}.Debug|Any CPU.ActiveCfg = Debug|Any CPU
		{790A25E7-4C4D-4133-B989-1AB21D2D8C38}.Debug|Any CPU.Build.0 = Debug|Any CPU
		{790A25E7-4C4D-4133-B989-1AB21D2D8C38}.Release|Any CPU.ActiveCfg = Release|Any CPU
		{790A25E7-4C4D-4133-B989-1AB21D2D8C38}.Release|Any CPU.Build.0 = Release|Any CPU
		{9FC61735-A47B-4D04-BC32-4B793D9536EE}.Debug|Any CPU.ActiveCfg = Debug|Any CPU
		{9FC61735-A47B-4D04-BC32-4B793D9536EE}.Debug|Any CPU.Build.0 = Debug|Any CPU
		{9FC61735-A47B-4D04-BC32-4B793D9536EE}.Release|Any CPU.ActiveCfg = Release|Any CPU
		{9FC61735-A47B-4D04-BC32-4B793D9536EE}.Release|Any CPU.Build.0 = Release|Any CPU
	EndGlobalSection
	GlobalSection(SolutionProperties) = preSolution
		HideSolutionNode = FALSE
	EndGlobalSection
	GlobalSection(NestedProjects) = preSolution
		{0CA80389-673A-4686-AA06-479A4A3A0EC5} = {5B9CF003-538D-42B1-847D-56953D6F4AF3}
		{AEF69D42-0770-45A9-9185-B1751D1B8EB2} = {BC55F8AA-D7AD-4356-BA53-1ED8D4A15E0F}
		{C3279DFD-1739-4A50-A46C-D4EDEAD515F3} = {AE31DEC8-1AAF-4737-B5AE-34EDD3F3D570}
		{620EB5A1-0E01-49B4-9993-8ED3BA687491} = {5B9CF003-538D-42B1-847D-56953D6F4AF3}
		{0234BE18-49EC-44E3-AD80-BDB8BB689BE5} = {BC55F8AA-D7AD-4356-BA53-1ED8D4A15E0F}
		{26E7459E-F7DF-4EA3-8F47-D45826927CF1} = {AE31DEC8-1AAF-4737-B5AE-34EDD3F3D570}
		{7465CE46-13DD-486A-837F-AB3BF055749C} = {5B9CF003-538D-42B1-847D-56953D6F4AF3}
		{AE31DEC8-1AAF-4737-B5AE-34EDD3F3D570} = {AAA2E26A-4421-4F88-8A0C-05C13DFB9435}
		{BC55F8AA-D7AD-4356-BA53-1ED8D4A15E0F} = {AAA2E26A-4421-4F88-8A0C-05C13DFB9435}
		{5561EDFF-1AAD-48BC-A3DD-B18D432850B8} = {BC55F8AA-D7AD-4356-BA53-1ED8D4A15E0F}
		{05FEC65A-023B-4AAC-828A-937659C8DACA} = {AE31DEC8-1AAF-4737-B5AE-34EDD3F3D570}
		{E879B7FD-A72D-4648-B887-B56EC8923D47} = {AAA2E26A-4421-4F88-8A0C-05C13DFB9435}
		{FB644A80-3584-41ED-A02A-9FCB86CCC87A} = {E879B7FD-A72D-4648-B887-B56EC8923D47}
		{7EC3837A-FEF4-4AFD-A542-B8F06D563B8B} = {AAA2E26A-4421-4F88-8A0C-05C13DFB9435}
		{7C4796C4-5AE2-457C-B50C-F1ABD9454CFA} = {7EC3837A-FEF4-4AFD-A542-B8F06D563B8B}
		{F0C6C4E4-509C-47C7-8680-2EBE73399A2E} = {7EC3837A-FEF4-4AFD-A542-B8F06D563B8B}
		{5DC7109C-B6D3-43B6-9320-4D9D95090B94} = {5B9CF003-538D-42B1-847D-56953D6F4AF3}
		{0908ED14-EEFE-4C68-84D0-6479A0DC3402} = {AAA2E26A-4421-4F88-8A0C-05C13DFB9435}
		{9BB1A8C2-01B7-42C6-B2A8-4910770FE7E3} = {0908ED14-EEFE-4C68-84D0-6479A0DC3402}
		{8C21098D-8FA9-4645-B6DF-591EC21D4060} = {0908ED14-EEFE-4C68-84D0-6479A0DC3402}
		{C5716084-3941-4BCC-9CBE-35EA29858B6E} = {0908ED14-EEFE-4C68-84D0-6479A0DC3402}
		{C186FD49-7E9B-4972-8A24-F8771027FEEB} = {E879B7FD-A72D-4648-B887-B56EC8923D47}
		{F89B6095-BA12-42C9-B368-BF8A96482246} = {E879B7FD-A72D-4648-B887-B56EC8923D47}
		{D74D64FA-B5AE-4A12-A847-CA99E2F78740} = {7EC3837A-FEF4-4AFD-A542-B8F06D563B8B}
		{B10917EC-4C67-4C71-B549-30BDB7F434D4} = {AAA2E26A-4421-4F88-8A0C-05C13DFB9435}
		{BBC795A0-F636-414C-BEB8-368C3ABAEA86} = {B10917EC-4C67-4C71-B549-30BDB7F434D4}
		{F831F029-5FCB-4065-ACC9-B76D4874DF15} = {B10917EC-4C67-4C71-B549-30BDB7F434D4}
		{2D301629-0CB1-46E4-821F-FD5D4F6B3058} = {B10917EC-4C67-4C71-B549-30BDB7F434D4}
		{9934F8CB-C907-4136-B295-830FF841B97A} = {AAA2E26A-4421-4F88-8A0C-05C13DFB9435}
		{43291414-4D1B-4C79-BC83-2FF5A843DCC4} = {9934F8CB-C907-4136-B295-830FF841B97A}
		{2BE91863-6F1D-4B15-8A66-1D02CBAC9FBB} = {9934F8CB-C907-4136-B295-830FF841B97A}
		{F1CA2E73-460D-4A2F-9C30-02DD9DEDBDFE} = {9934F8CB-C907-4136-B295-830FF841B97A}
		{5854E34C-9C72-43CF-BC03-43582B3C9C51} = {AAA2E26A-4421-4F88-8A0C-05C13DFB9435}
		{AD9C16C2-2728-4CE9-95CA-D4D85B29F840} = {5854E34C-9C72-43CF-BC03-43582B3C9C51}
		{BA6A1227-46BC-4AEE-9457-F4C5384BE95E} = {5854E34C-9C72-43CF-BC03-43582B3C9C51}
		{E07B6B52-A99A-42EC-B7FB-D2690DB7CBA4} = {5854E34C-9C72-43CF-BC03-43582B3C9C51}
		{11016376-A61F-4BE9-87D5-3A4E256A6BB0} = {AAA2E26A-4421-4F88-8A0C-05C13DFB9435}
		{1BA84DA5-0759-4F0D-9C63-1B1F34EF8EB1} = {AAA2E26A-4421-4F88-8A0C-05C13DFB9435}
		{34C1C43D-536D-40AD-8FED-6BF930775F70} = {11016376-A61F-4BE9-87D5-3A4E256A6BB0}
		{7ADE2E34-A514-4B7A-8F00-AB32306902AC} = {11016376-A61F-4BE9-87D5-3A4E256A6BB0}
		{692ED38D-D3E0-4379-9A2C-39AB183FF23C} = {11016376-A61F-4BE9-87D5-3A4E256A6BB0}
		{A7650E8E-B954-4F36-A6FA-6C88D1EC7634} = {1BA84DA5-0759-4F0D-9C63-1B1F34EF8EB1}
		{23725B2A-8F3B-4B23-8266-DB2DD54E1869} = {1BA84DA5-0759-4F0D-9C63-1B1F34EF8EB1}
		{EE510E73-05C9-4763-96B3-29C5E387D90A} = {1BA84DA5-0759-4F0D-9C63-1B1F34EF8EB1}
		{53036651-70FA-48BF-A692-B8DFF56B2282} = {BC55F8AA-D7AD-4356-BA53-1ED8D4A15E0F}
		{A5A02A5B-44AD-4929-BDFC-241D917D5647} = {AAA2E26A-4421-4F88-8A0C-05C13DFB9435}
		{7D39B5A1-52D2-4BAE-80A1-33DD5EF57808} = {A5A02A5B-44AD-4929-BDFC-241D917D5647}
		{790A25E7-4C4D-4133-B989-1AB21D2D8C38} = {A5A02A5B-44AD-4929-BDFC-241D917D5647}
		{9FC61735-A47B-4D04-BC32-4B793D9536EE} = {A5A02A5B-44AD-4929-BDFC-241D917D5647}
	EndGlobalSection
	GlobalSection(ExtensibilityGlobals) = postSolution
		SolutionGuid = {AD2F8CF4-9238-4492-A1F6-495E5B55687D}
	EndGlobalSection
EndGlobal
